
Microsoft Visual Studio Solution File, Format Version 12.00
# Visual Studio Version 16
VisualStudioVersion = 16.0.28729.10
MinimumVisualStudioVersion = 10.0.40219.1
Project("{9A19103F-16F7-4668-BE54-9A1E7A4F7556}") = "Brorep.Common", "Brorep.Common\Brorep.Common.csproj", "{E11D5F48-56A7-49A2-8297-EC5D69776806}"
EndProject
Project("{2150E333-8FDC-42A3-9474-1A3956D46DE8}") = "Src", "Src", "{F8F7DF70-B07B-46D6-B55E-1F64007EAAB8}"
EndProject
Project("{2150E333-8FDC-42A3-9474-1A3956D46DE8}") = "Common", "Common", "{2E2401D6-2342-4E10-8B60-62C271E11F77}"
EndProject
Project("{2150E333-8FDC-42A3-9474-1A3956D46DE8}") = "Docs", "Docs", "{0CCB6716-9708-4C05-B0A7-A0EE59AF227E}"
	ProjectSection(SolutionItems) = preProject
		Docs\Design\brorep_mockups.bmpr = Docs\Design\brorep_mockups.bmpr
	EndProjectSection
EndProject
Project("{2150E333-8FDC-42A3-9474-1A3956D46DE8}") = "Core", "Core", "{736EC541-F826-4442-A194-046548B46C6A}"
EndProject
Project("{2150E333-8FDC-42A3-9474-1A3956D46DE8}") = "Infrastructure", "Infrastructure", "{9F1CEB2D-B756-4AD0-AA5C-6CC73758658B}"
EndProject
Project("{2150E333-8FDC-42A3-9474-1A3956D46DE8}") = "Presentation", "Presentation", "{E9BBD4AB-F5BA-4212-842E-0C21841E503E}"
EndProject
Project("{2150E333-8FDC-42A3-9474-1A3956D46DE8}") = "Tests", "Tests", "{221D5C4C-553C-42FE-963F-6A558AEFE027}"
EndProject
Project("{9A19103F-16F7-4668-BE54-9A1E7A4F7556}") = "Brorep.Application", "Brorep.Application\Brorep.Application.csproj", "{1D685448-1F67-41FC-B8FD-39B73A47D7DF}"
EndProject
Project("{9A19103F-16F7-4668-BE54-9A1E7A4F7556}") = "Brorep.Ui", "Brorep.Ui\Brorep.Ui.csproj", "{6B8FA237-050E-48E6-86D4-91BE0C014535}"
EndProject
Project("{9A19103F-16F7-4668-BE54-9A1E7A4F7556}") = "Brorep.Domain", "Brorep.Domain\Brorep.Domain.csproj", "{527B0B98-1775-4C7C-9919-6DDE8238DD4F}"
EndProject
Project("{9A19103F-16F7-4668-BE54-9A1E7A4F7556}") = "Brorep.Persistence", "Brorep.Persistence\Brorep.Persistence.csproj", "{552778BA-F4B1-42D3-89EF-42034B94C836}"
EndProject
Project("{9A19103F-16F7-4668-BE54-9A1E7A4F7556}") = "Brorep.Infrastructure", "Brorep.Infrastructure\Brorep.Infrastructure.csproj", "{6EB4CE39-C2D0-4056-A739-4287CC350624}"
EndProject
Global
	GlobalSection(SolutionConfigurationPlatforms) = preSolution
		Debug|Any CPU = Debug|Any CPU
		Release|Any CPU = Release|Any CPU
	EndGlobalSection
	GlobalSection(ProjectConfigurationPlatforms) = postSolution
		{E11D5F48-56A7-49A2-8297-EC5D69776806}.Debug|Any CPU.ActiveCfg = Debug|Any CPU
		{E11D5F48-56A7-49A2-8297-EC5D69776806}.Debug|Any CPU.Build.0 = Debug|Any CPU
		{E11D5F48-56A7-49A2-8297-EC5D69776806}.Release|Any CPU.ActiveCfg = Release|Any CPU
		{E11D5F48-56A7-49A2-8297-EC5D69776806}.Release|Any CPU.Build.0 = Release|Any CPU
		{1D685448-1F67-41FC-B8FD-39B73A47D7DF}.Debug|Any CPU.ActiveCfg = Debug|Any CPU
		{1D685448-1F67-41FC-B8FD-39B73A47D7DF}.Debug|Any CPU.Build.0 = Debug|Any CPU
		{1D685448-1F67-41FC-B8FD-39B73A47D7DF}.Release|Any CPU.ActiveCfg = Release|Any CPU
		{1D685448-1F67-41FC-B8FD-39B73A47D7DF}.Release|Any CPU.Build.0 = Release|Any CPU
		{6B8FA237-050E-48E6-86D4-91BE0C014535}.Debug|Any CPU.ActiveCfg = Debug|Any CPU
		{6B8FA237-050E-48E6-86D4-91BE0C014535}.Debug|Any CPU.Build.0 = Debug|Any CPU
		{6B8FA237-050E-48E6-86D4-91BE0C014535}.Release|Any CPU.ActiveCfg = Release|Any CPU
		{6B8FA237-050E-48E6-86D4-91BE0C014535}.Release|Any CPU.Build.0 = Release|Any CPU
		{527B0B98-1775-4C7C-9919-6DDE8238DD4F}.Debug|Any CPU.ActiveCfg = Debug|Any CPU
		{527B0B98-1775-4C7C-9919-6DDE8238DD4F}.Debug|Any CPU.Build.0 = Debug|Any CPU
		{527B0B98-1775-4C7C-9919-6DDE8238DD4F}.Release|Any CPU.ActiveCfg = Release|Any CPU
		{527B0B98-1775-4C7C-9919-6DDE8238DD4F}.Release|Any CPU.Build.0 = Release|Any CPU
		{552778BA-F4B1-42D3-89EF-42034B94C836}.Debug|Any CPU.ActiveCfg = Debug|Any CPU
		{552778BA-F4B1-42D3-89EF-42034B94C836}.Debug|Any CPU.Build.0 = Debug|Any CPU
		{552778BA-F4B1-42D3-89EF-42034B94C836}.Release|Any CPU.ActiveCfg = Release|Any CPU
		{552778BA-F4B1-42D3-89EF-42034B94C836}.Release|Any CPU.Build.0 = Release|Any CPU
		{6EB4CE39-C2D0-4056-A739-4287CC350624}.Debug|Any CPU.ActiveCfg = Debug|Any CPU
		{6EB4CE39-C2D0-4056-A739-4287CC350624}.Debug|Any CPU.Build.0 = Debug|Any CPU
		{6EB4CE39-C2D0-4056-A739-4287CC350624}.Release|Any CPU.ActiveCfg = Release|Any CPU
		{6EB4CE39-C2D0-4056-A739-4287CC350624}.Release|Any CPU.Build.0 = Release|Any CPU
	EndGlobalSection
	GlobalSection(SolutionProperties) = preSolution
		HideSolutionNode = FALSE
	EndGlobalSection
	GlobalSection(NestedProjects) = preSolution
		{E11D5F48-56A7-49A2-8297-EC5D69776806} = {2E2401D6-2342-4E10-8B60-62C271E11F77}
		{2E2401D6-2342-4E10-8B60-62C271E11F77} = {F8F7DF70-B07B-46D6-B55E-1F64007EAAB8}
		{736EC541-F826-4442-A194-046548B46C6A} = {F8F7DF70-B07B-46D6-B55E-1F64007EAAB8}
		{9F1CEB2D-B756-4AD0-AA5C-6CC73758658B} = {F8F7DF70-B07B-46D6-B55E-1F64007EAAB8}
		{E9BBD4AB-F5BA-4212-842E-0C21841E503E} = {F8F7DF70-B07B-46D6-B55E-1F64007EAAB8}
		{1D685448-1F67-41FC-B8FD-39B73A47D7DF} = {736EC541-F826-4442-A194-046548B46C6A}
		{6B8FA237-050E-48E6-86D4-91BE0C014535} = {E9BBD4AB-F5BA-4212-842E-0C21841E503E}
		{527B0B98-1775-4C7C-9919-6DDE8238DD4F} = {736EC541-F826-4442-A194-046548B46C6A}
		{552778BA-F4B1-42D3-89EF-42034B94C836} = {9F1CEB2D-B756-4AD0-AA5C-6CC73758658B}
		{6EB4CE39-C2D0-4056-A739-4287CC350624} = {9F1CEB2D-B756-4AD0-AA5C-6CC73758658B}
	EndGlobalSection
	GlobalSection(ExtensibilityGlobals) = postSolution
		SolutionGuid = {1CCF1063-49CF-4EC1-AD58-604FB57F5A78}
	EndGlobalSection
EndGlobal
